// !$*UTF8*$!
{
	archiveVersion = 1;
	classes = {
	};
	objectVersion = 46;
	objects = {

/* Begin PBXBuildFile section */
		AAF6E2101EF1241E004273A8 /* AppDelegate.swift in Sources */ = {isa = PBXBuildFile; fileRef = AAF6E20F1EF1241E004273A8 /* AppDelegate.swift */; };
		AAF6E2121EF1241E004273A8 /* ViewController.swift in Sources */ = {isa = PBXBuildFile; fileRef = AAF6E2111EF1241E004273A8 /* ViewController.swift */; };
		AAF6E2151EF1241E004273A8 /* Main.storyboard in Resources */ = {isa = PBXBuildFile; fileRef = AAF6E2131EF1241E004273A8 /* Main.storyboard */; };
		AAF6E2181EF1241E004273A8 /* jisuanji.xcdatamodeld in Sources */ = {isa = PBXBuildFile; fileRef = AAF6E2161EF1241E004273A8 /* jisuanji.xcdatamodeld */; };
		AAF6E21A1EF1241E004273A8 /* Assets.xcassets in Resources */ = {isa = PBXBuildFile; fileRef = AAF6E2191EF1241E004273A8 /* Assets.xcassets */; };
		AAF6E21D1EF1241E004273A8 /* LaunchScreen.storyboard in Resources */ = {isa = PBXBuildFile; fileRef = AAF6E21B1EF1241E004273A8 /* LaunchScreen.storyboard */; };
/* End PBXBuildFile section */

/* Begin PBXFileReference section */
		AAF6E20C1EF1241E004273A8 /* jisuanji.app */ = {isa = PBXFileReference; explicitFileType = wrapper.application; includeInIndex = 0; path = jisuanji.app; sourceTree = BUILT_PRODUCTS_DIR; };
		AAF6E20F1EF1241E004273A8 /* AppDelegate.swift */ = {isa = PBXFileReference; lastKnownFileType = sourcecode.swift; path = AppDelegate.swift; sourceTree = "<group>"; };
		AAF6E2111EF1241E004273A8 /* ViewController.swift */ = {isa = PBXFileReference; lastKnownFileType = sourcecode.swift; path = ViewController.swift; sourceTree = "<group>"; };
		AAF6E2141EF1241E004273A8 /* Base */ = {isa = PBXFileReference; lastKnownFileType = file.storyboard; name = Base; path = Base.lproj/Main.storyboard; sourceTree = "<group>"; };
		AAF6E2171EF1241E004273A8 /* jisuanji.xcdatamodel */ = {isa = PBXFileReference; lastKnownFileType = wrapper.xcdatamodel; path = jisuanji.xcdatamodel; sourceTree = "<group>"; };
		AAF6E2191EF1241E004273A8 /* Assets.xcassets */ = {isa = PBXFileReference; lastKnownFileType = folder.assetcatalog; path = Assets.xcassets; sourceTree = "<group>"; };
		AAF6E21C1EF1241E004273A8 /* Base */ = {isa = PBXFileReference; lastKnownFileType = file.storyboard; name = Base; path = Base.lproj/LaunchScreen.storyboard; sourceTree = "<group>"; };
		AAF6E21E1EF1241E004273A8 /* Info.plist */ = {isa = PBXFileReference; lastKnownFileType = text.plist.xml; path = Info.plist; sourceTree = "<group>"; };
/* End PBXFileReference section */

/* Begin PBXFrameworksBuildPhase section */
		AAF6E2091EF1241E004273A8 /* Frameworks */ = {
			isa = PBXFrameworksBuildPhase;
			buildActionMask = 2147483647;
			files = (
			);
			runOnlyForDeploymentPostprocessing = 0;
		};
/* End PBXFrameworksBuildPhase section */

/* Begin PBXGroup section */
		AAF6E2031EF1241E004273A8 = {
			isa = PBXGroup;
			children = (
				AAF6E20E1EF1241E004273A8 /* jisuanji */,
				AAF6E20D1EF1241E004273A8 /* Products */,
			);
			sourceTree = "<group>";
		};
		AAF6E20D1EF1241E004273A8 /* Products */ = {
			isa = PBXGroup;
			children = (
				AAF6E20C1EF1241E004273A8 /* jisuanji.app */,
			);
			name = Products;
			sourceTree = "<group>";
		};
		AAF6E20E1EF1241E004273A8 /* jisuanji */ = {
			isa = PBXGroup;
			children = (
				AAF6E20F1EF1241E004273A8 /* AppDelegate.swift */,
				AAF6E2111EF1241E004273A8 /* ViewController.swift */,
				AAF6E2131EF1241E004273A8 /* Main.storyboard */,
				AAF6E2191EF1241E004273A8 /* Assets.xcassets */,
				AAF6E21B1EF1241E004273A8 /* LaunchScreen.storyboard */,
				AAF6E21E1EF1241E004273A8 /* Info.plist */,
				AAF6E2161EF1241E004273A8 /* jisuanji.xcdatamodeld */,
			);
			path = jisuanji;
			sourceTree = "<group>";
		};
/* End PBXGroup section */

/* Begin PBXNativeTarget section */
		AAF6E20B1EF1241E004273A8 /* jisuanji */ = {
			isa = PBXNativeTarget;
			buildConfigurationList = AAF6E2211EF1241E004273A8 /* Build configuration list for PBXNativeTarget "jisuanji" */;
			buildPhases = (
				AAF6E2081EF1241E004273A8 /* Sources */,
				AAF6E2091EF1241E004273A8 /* Frameworks */,
				AAF6E20A1EF1241E004273A8 /* Resources */,
			);
			buildRules = (
			);
			dependencies = (
			);
			name = jisuanji;
			productName = jisuanji;
			productReference = AAF6E20C1EF1241E004273A8 /* jisuanji.app */;
			productType = "com.apple.product-type.application";
		};
/* End PBXNativeTarget section */

/* Begin PBXProject section */
		AAF6E2041EF1241E004273A8 /* Project object */ = {
			isa = PBXProject;
			attributes = {
				LastSwiftUpdateCheck = 0830;
				LastUpgradeCheck = 0830;
				ORGANIZATIONNAME = jisuanji;
				TargetAttributes = {
					AAF6E20B1EF1241E004273A8 = {
						CreatedOnToolsVersion = 8.3.2;
						DevelopmentTeam = MVURPMPJKS;
						ProvisioningStyle = Automatic;
					};
				};
			};
			buildConfigurationList = AAF6E2071EF1241E004273A8 /* Build configuration list for PBXProject "jisuanji" */;
			compatibilityVersion = "Xcode 3.2";
			developmentRegion = English;
			hasScannedForEncodings = 0;
			knownRegions = (
				en,
				Base,
			);
			mainGroup = AAF6E2031EF1241E004273A8;
			productRefGroup = AAF6E20D1EF1241E004273A8 /* Products */;
			projectDirPath = "";
			projectRoot = "";
			targets = (
				AAF6E20B1EF1241E004273A8 /* jisuanji */,
			);
		};
/* End PBXProject section */

/* Begin PBXResourcesBuildPhase section */
		AAF6E20A1EF1241E004273A8 /* Resources */ = {
			isa = PBXResourcesBuildPhase;
			buildActionMask = 2147483647;
			files = (
				AAF6E21D1EF1241E004273A8 /* LaunchScreen.storyboard in Resources */,
				AAF6E21A1EF1241E004273A8 /* Assets.xcassets in Resources */,
				AAF6E2151EF1241E004273A8 /* Main.storyboard in Resources */,
			);
			runOnlyForDeploymentPostprocessing = 0;
		};
/* End PBXResourcesBuildPhase section */

/* Begin PBXSourcesBuildPhase section */
		AAF6E2081EF1241E004273A8 /* Sources */ = {
			isa = PBXSourcesBuildPhase;
			buildActionMask = 2147483647;
			files = (
				AAF6E2121EF1241E004273A8 /* ViewController.swift in Sources */,
				AAF6E2181EF1241E004273A8 /* jisuanji.xcdatamodeld in Sources */,
				AAF6E2101EF1241E004273A8 /* AppDelegate.swift in Sources */,
			);
			runOnlyForDeploymentPostprocessing = 0;
		};
/* End PBXSourcesBuildPhase section */

/* Begin PBXVariantGroup section */
		AAF6E2131EF1241E004273A8 /* Main.storyboard */ = {
			isa = PBXVariantGroup;
			children = (
				AAF6E2141EF1241E004273A8 /* Base */,
			);
			name = Main.storyboard;
			sourceTree = "<group>";
		};
		AAF6E21B1EF1241E004273A8 /* LaunchScreen.storyboard */ = {
			isa = PBXVariantGroup;
			children = (
				AAF6E21C1EF1241E004273A8 /* Base */,
			);
			name = LaunchScreen.storyboard;
			sourceTree = "<group>";
		};
/* End PBXVariantGroup section */

/* Begin XCBuildConfiguration section */
		AAF6E21F1EF1241E004273A8 /* Debug */ = {
			isa = XCBuildConfiguration;
			buildSettings = {
				ALWAYS_SEARCH_USER_PATHS = NO;
				CLANG_ANALYZER_NONNULL = YES;
				CLANG_ANALYZER_NUMBER_OBJECT_CONVERSION = YES_AGGRESSIVE;
				CLANG_CXX_LANGUAGE_STANDARD = "gnu++0x";
				CLANG_CXX_LIBRARY = "libc++";
				CLANG_ENABLE_MODULES = YES;
				CLANG_ENABLE_OBJC_ARC = YES;
				CLANG_WARN_BOOL_CONVERSION = YES;
				CLANG_WARN_CONSTANT_CONVERSION = YES;
				CLANG_WARN_DIRECT_OBJC_ISA_USAGE = YES_ERROR;
				CLANG_WARN_DOCUMENTATION_COMMENTS = YES;
				CLANG_WARN_EMPTY_BODY = YES;
				CLANG_WARN_ENUM_CONVERSION = YES;
				CLANG_WARN_INFINITE_RECURSION = YES;
				CLANG_WARN_INT_CONVERSION = YES;
				CLANG_WARN_OBJC_ROOT_CLASS = YES_ERROR;
				CLANG_WARN_SUSPICIOUS_MOVE = YES;
				CLANG_WARN_UNREACHABLE_CODE = YES;
				CLANG_WARN__DUPLICATE_METHOD_MATCH = YES;
				"CODE_SIGN_IDENTITY[sdk=iphoneos*]" = "iPhone Developer";
				COPY_PHASE_STRIP = NO;
				DEBUG_INFORMATION_FORMAT = dwarf;
				ENABLE_STRICT_OBJC_MSGSEND = YES;
				ENABLE_TESTABILITY = YES;
				GCC_C_LANGUAGE_STANDARD = gnu99;
				GCC_DYNAMIC_NO_PIC = NO;
				GCC_NO_COMMON_BLOCKS = YES;
				GCC_OPTIMIZATION_LEVEL = 0;
				GCC_PREPROCESSOR_DEFINITIONS = (
					"DEBUG=1",
					"$(inherited)",
				);
				GCC_WARN_64_TO_32_BIT_CONVERSION = YES;
				GCC_WARN_ABOUT_RETURN_TYPE = YES_ERROR;
				GCC_WARN_UNDECLARED_SELECTOR = YES;
				GCC_WARN_UNINITIALIZED_AUTOS = YES_AGGRESSIVE;
				GCC_WARN_UNUSED_FUNCTION = YES;
				GCC_WARN_UNUSED_VARIABLE = YES;
				IPHONEOS_DEPLOYMENT_TARGET = 10.3;
				MTL_ENABLE_DEBUG_INFO = YES;
				ONLY_ACTIVE_ARCH = YES;
				SDKROOT = iphoneos;
				SWIFT_ACTIVE_COMPILATION_CONDITIONS = DEBUG;
				SWIFT_OPTIMIZATION_LEVEL = "-Onone";
			};
			name = Debug;
		};
		AAF6E2201EF1241E004273A8 /* Release */ = {
			isa = XCBuildConfiguration;
			buildSettings = {
				ALWAYS_SEARCH_USER_PATHS = NO;
				CLANG_ANALYZER_NONNULL = YES;
				CLANG_ANALYZER_NUMBER_OBJECT_CONVERSION = YES_AGGRESSIVE;
				CLANG_CXX_LANGUAGE_STANDARD = "gnu++0x";
				CLANG_CXX_LIBRARY = "libc++";
				CLANG_ENABLE_MODULES = YES;
				CLANG_ENABLE_OBJC_ARC = YES;
				CLANG_WARN_BOOL_CONVERSION = YES;
				CLANG_WARN_CONSTANT_CONVERSION = YES;
				CLANG_WARN_DIRECT_OBJC_ISA_USAGE = YES_ERROR;
				CLANG_WARN_DOCUMENTATION_COMMENTS = YES;
				CLANG_WARN_EMPTY_BODY = YES;
				CLANG_WARN_ENUM_CONVERSION = YES;
				CLANG_WARN_INFINITE_RECURSION = YES;
				CLANG_WARN_INT_CONVERSION = YES;
				CLANG_WARN_OBJC_ROOT_CLASS = YES_ERROR;
				CLANG_WARN_SUSPICIOUS_MOVE = YES;
				CLANG_WARN_UNREACHABLE_CODE = YES;
				CLANG_WARN__DUPLICATE_METHOD_MATCH = YES;
				"CODE_SIGN_IDENTITY[sdk=iphoneos*]" = "iPhone Developer";
				COPY_PHASE_STRIP = NO;
				DEBUG_INFORMATION_FORMAT = "dwarf-with-dsym";
				ENABLE_NS_ASSERTIONS = NO;
				ENABLE_STRICT_OBJC_MSGSEND = YES;
				GCC_C_LANGUAGE_STANDARD = gnu99;
				GCC_NO_COMMON_BLOCKS = YES;
				GCC_WARN_64_TO_32_BIT_CONVERSION = YES;
				GCC_WARN_ABOUT_RETURN_TYPE = YES_ERROR;
				GCC_WARN_UNDECLARED_SELECTOR = YES;
				GCC_WARN_UNINITIALIZED_AUTOS = YES_AGGRESSIVE;
				GCC_WARN_UNUSED_FUNCTION = YES;
				GCC_WARN_UNUSED_VARIABLE = YES;
				IPHONEOS_DEPLOYMENT_TARGET = 10.3;
				MTL_ENABLE_DEBUG_INFO = NO;
				SDKROOT = iphoneos;
				SWIFT_OPTIMIZATION_LEVEL = "-Owholemodule";
				VALIDATE_PRODUCT = YES;
			};
			name = Release;
		};
		AAF6E2221EF1241E004273A8 /* Debug */ = {
			isa = XCBuildConfiguration;
			buildSettings = {
				ASSETCATALOG_COMPILER_APPICON_NAME = AppIcon;
				DEVELOPMENT_TEAM = MVURPMPJKS;
				INFOPLIST_FILE = jisuanji/Info.plist;
				LD_RUNPATH_SEARCH_PATHS = "$(inherited) @executable_path/Frameworks";
				PRODUCT_BUNDLE_IDENTIFIER = me.dejue.jisuanji;
				PRODUCT_NAME = "$(TARGET_NAME)";
				SWIFT_VERSION = 3.0;
			};
			name = Debug;
		};
		AAF6E2231EF1241E004273A8 /* Release */ = {
			isa = XCBuildConfiguration;
			buildSettings = {
				ASSETCATALOG_COMPILER_APPICON_NAME = AppIcon;
				DEVELOPMENT_TEAM = MVURPMPJKS;
				INFOPLIST_FILE = jisuanji/Info.plist;
				LD_RUNPATH_SEARCH_PATHS = "$(inherited) @executable_path/Frameworks";
				PRODUCT_BUNDLE_IDENTIFIER = me.dejue.jisuanji;
				PRODUCT_NAME = "$(TARGET_NAME)";
				SWIFT_VERSION = 3.0;
			};
			name = Release;
		};
/* End XCBuildConfiguration section */

/* Begin XCConfigurationList section */
		AAF6E2071EF1241E004273A8 /* Build configuration list for PBXProject "jisuanji" */ = {
			isa = XCConfigurationList;
			buildConfigurations = (
				AAF6E21F1EF1241E004273A8 /* Debug */,
				AAF6E2201EF1241E004273A8 /* Release */,
			);
			defaultConfigurationIsVisible = 0;
			defaultConfigurationName = Release;
		};
		AAF6E2211EF1241E004273A8 /* Build configuration list for PBXNativeTarget "jisuanji" */ = {
			isa = XCConfigurationList;
			buildConfigurations = (
				AAF6E2221EF1241E004273A8 /* Debug */,
				AAF6E2231EF1241E004273A8 /* Release */,
			);
			defaultConfigurationIsVisible = 0;
		};
/* End XCConfigurationList section */

/* Begin XCVersionGroup section */
		AAF6E2161EF1241E004273A8 /* jisuanji.xcdatamodeld */ = {
			isa = XCVersionGroup;
			children = (
				AAF6E2171EF1241E004273A8 /* jisuanji.xcdatamodel */,
			);
			currentVersion = AAF6E2171EF1241E004273A8 /* jisuanji.xcdatamodel */;
			path = jisuanji.xcdatamodeld;
			sourceTree = "<group>";
			versionGroupType = wrapper.xcdatamodel;
		};
/* End XCVersionGroup section */
	};
	rootObject = AAF6E2041EF1241E004273A8 /* Project object */;
}
